
Microsoft Visual Studio Solution File, Format Version 12.00
# Visual Studio Version 17
VisualStudioVersion = 17.9.34728.123
MinimumVisualStudioVersion = 10.0.40219.1
Project("{9A19103F-16F7-4668-BE54-9A1E7A4F7556}") = "XPost", "XPost.csproj", "{564B1851-E3CA-493F-8AD9-EF3829478189}"
EndProject
Global
	GlobalSection(SolutionConfigurationPlatforms) = preSolution
		Debug|Any CPU = Debug|Any CPU
		Release|Any CPU = Release|Any CPU
	EndGlobalSection
	GlobalSection(ProjectConfigurationPlatforms) = postSolution
		{564B1851-E3CA-493F-8AD9-EF3829478189}.Debug|Any CPU.ActiveCfg = Debug|Any CPU
		{564B1851-E3CA-493F-8AD9-EF3829478189}.Debug|Any CPU.Build.0 = Debug|Any CPU
		{564B1851-E3CA-493F-8AD9-EF3829478189}.Release|Any CPU.ActiveCfg = Release|Any CPU
		{564B1851-E3CA-493F-8AD9-EF3829478189}.Release|Any CPU.Build.0 = Release|Any CPU
	EndGlobalSection
	GlobalSection(SolutionProperties) = preSolution
		HideSolutionNode = FALSE
	EndGlobalSection
	GlobalSection(ExtensibilityGlobals) = postSolution
		SolutionGuid = {1AB0DE55-3C12-49DB-A798-ECA21944399A}
	EndGlobalSection
EndGlobal
